github.com/corona10/goimagehash v1.1.0 h1:teNMX/1e+Wn/AYSbLHX8mj+mF9r60R1kBeqE9MkoYwI=
github.com/corona10/goimagehash v1.1.0/go.mod h1:VkvE0mLn84L4aF8vCb6mafVajEb6QYMHl2ZJLn0mOGI=
github.com/dustin/go-humanize v1.0.1 h1:GzkhY7T5VNhEkwH0PVJgjz+fX1rhBrR7pRT3mDkpeCY=
github.com/dustin/go-humanize v1.0.1/go.mod h1:Mu1zIs6XwVuF/gI1OepvI0qD18qycQx+mFykh5fBlto=
github.com/edsrzf/mmap-go v1.2.0 h1:hXLYlkbaPzt1SaQk+anYwKSRNhufIDCchSPkUD6dD84=
github.com/edsrzf/mmap-go v1.2.0/go.mod h1:19H/e8pUPLicwkyNgOykDXkJ9F0MHE+Z52B8EIth78Q=
github.com/google/uuid v1.6.0 h1:NIvaJDMOsjHA8n1jAhLSgzrAzy1Hgr+hNrb57e+94F0=
github.com/google/uuid v1.6.0/go.mod h1:TIyPZe4MgqvfeYDBFedMoGGpEw/LqOeaOT+nhxU+yHo=
github.com/klauspost/cpuid/v2 v2.2.10 h1:tBs3QSyvjDyFTq3uoc/9xFpCuOsJQFNPiAhYdw2skhE=
github.com/klauspost/cpuid/v2 v2.2.10/go.mod h1:hqwkgyIinND0mEev00jJYCxPNVRVXFQeu1XKlok6oO0=
github.com/mattn/go-isatty v0.0.20 h1:xfD0iDuEKnDkl03q4limB+vH+GxLEtL/jb4xVJSWWEY=
github.com/mattn/go-isatty v0.0.20/go.mod h1:W+V8PltTTMOvKvAeJH7IuucS94S2C6jfK/D7dTCTo3Y=
github.com/ncruces/go-strftime v1.0.0 h1:HMFp8mLCTPp341M/ZnA4qaf7ZlsbTc+miZjCLOFAw7w=
github.com/ncruces/go-strftime v1.0.0/go.mod h1:Fwc5htZGVVkseilnfgOVb9mKy6w1naJmn9CehxcKcls=
github.com/nfnt/resize v0.0.0-20180221191011-83c6a9932646 h1:zYyBkD/k9seD2A7fsi6Oo2LfFZAehjjQMERAvZLEDnQ=
github.com/nfnt/resize v0.0.0-20180221191011-83c6a9932646/go.mod h1:jpp1/29i3P1S/RLdc7JQKbRpFeM1dOBd8T9ki5s+AY8=
github.com/remyoudompheng/bigfft v0.0.0-20230129092748-24d4a6f8daec h1:W09IVJc94icq4NjY3clb7Lk8O1qJ8BdBEF8z0ibU0rE=
github.com/remyoudompheng/bigfft v0.0.0-20230129092748-24d4a6f8daec/go.mod h1:qqbHyh8v60DhA7CoWK5oRCqLrMHRGoxYCSS9EjAz6Eo=
github.com/rwcarlsen/goexif v0.0.0-20190401172101-9e8deecbddbd h1:CmH9+J6ZSsIjUK3dcGsnCnO41eRBOnY12zwkn5qVwgc=
github.com/rwcarlsen/goexif v0.0.0-20190401172101-9e8deecbddbd/go.mod h1:hPqNNc0+uJM6H+SuU8sEs5K5IQeKccPqeSjfgcKGgPk=
github.com/zeebo/blake3 v0.2.4 h1:KYQPkhpRtcqh0ssGYcKLG1JYvddkEA8QwCM/yBqhaZI=
github.com/zeebo/blake3 v0.2.4/go.mod h1:7eeQ6d2iXWRGF6npfaxl2CU+xy2Fjo2gxeyZGCRUjcE=
github.com/zeebo/xxh3 v1.1.0 h1:s7DLGDK45Dyfg7++yxI0khrfwq9661w9EN78eP/UZVs=
github.com/zeebo/xxh3 v1.1.0/go.mod h1:IisAie1LELR4xhVinxWS5+zf1lA4p0MW4T+w+W07F5s=
golang.org/x/sys v0.6.0/go.mod h1:oPkhp1MJrh7nUepCBck5+mAzfO9JrbApNNgaTdGDITg=
golang.org/x/sys v0.42.0 h1:omrd2nAlyT5ESRdCLYdm3+fMfNFE/+Rf4bDIQImRJeo=
golang.org/x/sys v0.42.0/go.mod h1:4GL1E5IUh+htKOUEOaiffhrAeqysfVGipDYzABqnCmw=
modernc.org/libc v1.70.0 h1:U58NawXqXbgpZ/dcdS9kMshu08aiA6b7gusEusqzNkw=
modernc.org/libc v1.70.0/go.mod h1:OVmxFGP1CI/Z4L3E0Q3Mf1PDE0BucwMkcXjjLntvHJo=
modernc.org/mathutil v1.7.1 h1:GCZVGXdaN8gTqB1Mf/usp1Y/hSqgI2vAGGP4jZMCxOU=
modernc.org/mathutil v1.7.1/go.mod h1:4p5IwJITfppl0G4sUEDtCr4DthTaT47/N3aT6MhfgJg=
modernc.org/memory v1.11.0 h1:o4QC8aMQzmcwCK3t3Ux/ZHmwFPzE6hf2Y5LbkRs+hbI=
modernc.org/memory v1.11.0/go.mod h1:/JP4VbVC+K5sU2wZi9bHoq2MAkCnrt2r98UGeSK7Mjw=
modernc.org/sqlite v1.48.0 h1:ElZyLop3Q2mHYk5IFPPXADejZrlHu7APbpB0sF78bq4=
modernc.org/sqlite v1.48.0/go.mod h1:hWjRO6Tj/5Ik8ieqxQybiEOUXy0NJFNp2tpvVpKlvig=
